
Microsoft Visual Studio Solution File, Format Version 12.00
# Visual Studio Version 16
VisualStudioVersion = 16.0.28803.202
MinimumVisualStudioVersion = 10.0.40219.1
Project("{FAE04EC0-301F-11D3-BF4B-00C04F79EFBC}") = "CarMaintenanceTracker", "CarMaintenanceTracker\CarMaintenanceTracker.csproj", "{10D2BD96-AF3F-429A-A0D9-815F6D836D8A}"
EndProject
Global
	GlobalSection(SolutionConfigurationPlatforms) = preSolution
		Debug|Any CPU = Debug|Any CPU
		Release|Any CPU = Release|Any CPU
	EndGlobalSection
	GlobalSection(ProjectConfigurationPlatforms) = postSolution
		{10D2BD96-AF3F-429A-A0D9-815F6D836D8A}.Debug|Any CPU.ActiveCfg = Debug|Any CPU
		{10D2BD96-AF3F-429A-A0D9-815F6D836D8A}.Debug|Any CPU.Build.0 = Debug|Any CPU
		{10D2BD96-AF3F-429A-A0D9-815F6D836D8A}.Release|Any CPU.ActiveCfg = Release|Any CPU
		{10D2BD96-AF3F-429A-A0D9-815F6D836D8A}.Release|Any CPU.Build.0 = Release|Any CPU
	EndGlobalSection
	GlobalSection(SolutionProperties) = preSolution
		HideSolutionNode = FALSE
	EndGlobalSection
	GlobalSection(ExtensibilityGlobals) = postSolution
		SolutionGuid = {D4212ECD-AD18-44CC-AD53-F7BB86C06585}
	EndGlobalSection
EndGlobal
